{
  "nodes": {
    "gen-graph": {
      "inputs": {
        "gen-prelude": "gen-prelude"
      },
      "locked": {
        "lastModified": 1782928508,
        "narHash": "sha256-RyZKpSNiyYB49bkj0CnD2joWScrSRc3IeV2k+POyXmQ=",
        "owner": "sini",
        "repo": "gen-graph",
        "rev": "3f57be831874256fc15bc9b073eb9a87b654b658",
        "type": "github"
      },
      "original": {
        "owner": "sini",
        "repo": "gen-graph",
        "type": "github"
      }
    },
    "gen-prelude": {
      "locked": {
        "lastModified": 1783016618,
        "narHash": "sha256-J08Ao7Gr5M3cHwHJ1jGeKXjKK2AGol5PuWid8VhqMT4=",
        "owner": "sini",
        "repo": "gen-prelude",
        "rev": "62c2500777dc6854b3777d47303d0858ce0f1bb1",
        "type": "github"
      },
      "original": {
        "owner": "sini",
        "repo": "gen-prelude",
        "type": "github"
      }
    },
    "gen-prelude_2": {
      "locked": {
        "lastModified": 1783016618,
        "narHash": "sha256-J08Ao7Gr5M3cHwHJ1jGeKXjKK2AGol5PuWid8VhqMT4=",
        "owner": "sini",
        "repo": "gen-prelude",
        "rev": "62c2500777dc6854b3777d47303d0858ce0f1bb1",
        "type": "github"
      },
      "original": {
        "owner": "sini",
        "repo": "gen-prelude",
        "type": "github"
      }
    },
    "root": {
      "inputs": {
        "gen-graph": "gen-graph",
        "gen-prelude": "gen-prelude_2"
      }
    }
  },
  "root": "root",
  "version": 7
}
